
Microsoft Visual Studio Solution File, Format Version 11.00
# Visual Studio 2010
Project("{FAE04EC0-301F-11D3-BF4B-00C04F79EFBC}") = "Assembly-CSharp", "Assembly-CSharp.csproj", "{B671BAB4-B266-635D-5D14-27D1B209963A}"
EndProject
Project("{FAE04EC0-301F-11D3-BF4B-00C04F79EFBC}") = "Assembly-CSharp-Editor", "Assembly-CSharp-Editor.csproj", "{00637E86-8677-F26A-0C04-AFDB963624CB}"
EndProject
Global
	GlobalSection(SolutionConfigurationPlatforms) = preSolution
		Debug|Any CPU = Debug|Any CPU
		Release|Any CPU = Release|Any CPU
	EndGlobalSection
	GlobalSection(ProjectConfigurationPlatforms) = postSolution
		{B671BAB4-B266-635D-5D14-27D1B209963A}.Debug|Any CPU.ActiveCfg = Debug|Any CPU
		{B671BAB4-B266-635D-5D14-27D1B209963A}.Debug|Any CPU.Build.0 = Debug|Any CPU
		{B671BAB4-B266-635D-5D14-27D1B209963A}.Release|Any CPU.ActiveCfg = Release|Any CPU
		{B671BAB4-B266-635D-5D14-27D1B209963A}.Release|Any CPU.Build.0 = Release|Any CPU
		{00637E86-8677-F26A-0C04-AFDB963624CB}.Debug|Any CPU.ActiveCfg = Debug|Any CPU
		{00637E86-8677-F26A-0C04-AFDB963624CB}.Debug|Any CPU.Build.0 = Debug|Any CPU
		{00637E86-8677-F26A-0C04-AFDB963624CB}.Release|Any CPU.ActiveCfg = Release|Any CPU
		{00637E86-8677-F26A-0C04-AFDB963624CB}.Release|Any CPU.Build.0 = Release|Any CPU
	EndGlobalSection
	GlobalSection(SolutionProperties) = preSolution
		HideSolutionNode = FALSE
	EndGlobalSection
EndGlobal
